
Microsoft Visual Studio Solution File, Format Version 12.00
# Visual Studio 15
VisualStudioVersion = 15.0.27703.2018
MinimumVisualStudioVersion = 10.0.40219.1
Project("{FAE04EC0-301F-11D3-BF4B-00C04F79EFBC}") = "Formulario.Android", "Formulario\Formulario.Android\Formulario.Android.csproj", "{846857B3-7C08-460E-A989-CE3FACD51D33}"
EndProject
Project("{FAE04EC0-301F-11D3-BF4B-00C04F79EFBC}") = "Formulario.iOS", "Formulario\Formulario.iOS\Formulario.iOS.csproj", "{5831B4DF-0060-4FD3-9ED7-8A02D7D9CF23}"
EndProject
Project("{FAE04EC0-301F-11D3-BF4B-00C04F79EFBC}") = "Formulario", "Formulario\Formulario\Formulario.csproj", "{AE4C2B99-547A-4818-9F0D-F5D1FE64625F}"
EndProject
Global
	GlobalSection(SolutionConfigurationPlatforms) = preSolution
		Ad-Hoc|Any CPU = Ad-Hoc|Any CPU
		Ad-Hoc|iPhone = Ad-Hoc|iPhone
		Ad-Hoc|iPhoneSimulator = Ad-Hoc|iPhoneSimulator
		AppStore|Any CPU = AppStore|Any CPU
		AppStore|iPhone = AppStore|iPhone
		AppStore|iPhoneSimulator = AppStore|iPhoneSimulator
		Debug|Any CPU = Debug|Any CPU
		Debug|iPhone = Debug|iPhone
		Debug|iPhoneSimulator = Debug|iPhoneSimulator
		Release|Any CPU = Release|Any CPU
		Release|iPhone = Release|iPhone
		Release|iPhoneSimulator = Release|iPhoneSimulator
	EndGlobalSection
	GlobalSection(ProjectConfigurationPlatforms) = postSolution
		{846857B3-7C08-460E-A989-CE3FACD51D33}.Ad-Hoc|Any CPU.ActiveCfg = Release|Any CPU
		{846857B3-7C08-460E-A989-CE3FACD51D33}.Ad-Hoc|Any CPU.Build.0 = Release|Any CPU
		{846857B3-7C08-460E-A989-CE3FACD51D33}.Ad-Hoc|Any CPU.Deploy.0 = Release|Any CPU
		{846857B3-7C08-460E-A989-CE3FACD51D33}.Ad-Hoc|iPhone.ActiveCfg = Release|Any CPU
		{846857B3-7C08-460E-A989-CE3FACD51D33}.Ad-Hoc|iPhone.Build.0 = Release|Any CPU
		{846857B3-7C08-460E-A989-CE3FACD51D33}.Ad-Hoc|iPhone.Deploy.0 = Release|Any CPU
		{846857B3-7C08-460E-A989-CE3FACD51D33}.Ad-Hoc|iPhoneSimulator.ActiveCfg = Release|Any CPU
		{846857B3-7C08-460E-A989-CE3FACD51D33}.Ad-Hoc|iPhoneSimulator.Build.0 = Release|Any CPU
		{846857B3-7C08-460E-A989-CE3FACD51D33}.Ad-Hoc|iPhoneSimulator.Deploy.0 = Release|Any CPU
		{846857B3-7C08-460E-A989-CE3FACD51D33}.AppStore|Any CPU.ActiveCfg = Release|Any CPU
		{846857B3-7C08-460E-A989-CE3FACD51D33}.AppStore|Any CPU.Build.0 = Release|Any CPU
		{846857B3-7C08-460E-A989-CE3FACD51D33}.AppStore|Any CPU.Deploy.0 = Release|Any CPU
		{846857B3-7C08-460E-A989-CE3FACD51D33}.AppStore|iPhone.ActiveCfg = Release|Any CPU
		{846857B3-7C08-460E-A989-CE3FACD51D33}.AppStore|iPhone.Build.0 = Release|Any CPU
		{846857B3-7C08-460E-A989-CE3FACD51D33}.AppStore|iPhone.Deploy.0 = Release|Any CPU
		{846857B3-7C08-460E-A989-CE3FACD51D33}.AppStore|iPhoneSimulator.ActiveCfg = Release|Any CPU
		{846857B3-7C08-460E-A989-CE3FACD51D33}.AppStore|iPhoneSimulator.Build.0 = Release|Any CPU
		{846857B3-7C08-460E-A989-CE3FACD51D33}.AppStore|iPhoneSimulator.Deploy.0 = Release|Any CPU
		{846857B3-7C08-460E-A989-CE3FACD51D33}.Debug|Any CPU.ActiveCfg = Debug|Any CPU
		{846857B3-7C08-460E-A989-CE3FACD51D33}.Debug|Any CPU.Build.0 = Debug|Any CPU
		{846857B3-7C08-460E-A989-CE3FACD51D33}.Debug|Any CPU.Deploy.0 = Debug|Any CPU
		{846857B3-7C08-460E-A989-CE3FACD51D33}.Debug|iPhone.ActiveCfg = Debug|Any CPU
		{846857B3-7C08-460E-A989-CE3FACD51D33}.Debug|iPhone.Build.0 = Debug|Any CPU
		{846857B3-7C08-460E-A989-CE3FACD51D33}.Debug|iPhone.Deploy.0 = Debug|Any CPU
		{846857B3-7C08-460E-A989-CE3FACD51D33}.Debug|iPhoneSimulator.ActiveCfg = Debug|Any CPU
		{846857B3-7C08-460E-A989-CE3FACD51D33}.Debug|iPhoneSimulator.Build.0 = Debug|Any CPU
		{846857B3-7C08-460E-A989-CE3FACD51D33}.Debug|iPhoneSimulator.Deploy.0 = Debug|Any CPU
		{846857B3-7C08-460E-A989-CE3FACD51D33}.Release|Any CPU.ActiveCfg = Release|Any CPU
		{846857B3-7C08-460E-A989-CE3FACD51D33}.Release|Any CPU.Build.0 = Release|Any CPU
		{846857B3-7C08-460E-A989-CE3FACD51D33}.Release|Any CPU.Deploy.0 = Release|Any CPU
		{846857B3-7C08-460E-A989-CE3FACD51D33}.Release|iPhone.ActiveCfg = Release|Any CPU
		{846857B3-7C08-460E-A989-CE3FACD51D33}.Release|iPhone.Build.0 = Release|Any CPU
		{846857B3-7C08-460E-A989-CE3FACD51D33}.Release|iPhone.Deploy.0 = Release|Any CPU
		{846857B3-7C08-460E-A989-CE3FACD51D33}.Release|iPhoneSimulator.ActiveCfg = Release|Any CPU
		{846857B3-7C08-460E-A989-CE3FACD51D33}.Release|iPhoneSimulator.Build.0 = Release|Any CPU
		{846857B3-7C08-460E-A989-CE3FACD51D33}.Release|iPhoneSimulator.Deploy.0 = Release|Any CPU
		{5831B4DF-0060-4FD3-9ED7-8A02D7D9CF23}.Ad-Hoc|Any CPU.ActiveCfg = Ad-Hoc|iPhone
		{5831B4DF-0060-4FD3-9ED7-8A02D7D9CF23}.Ad-Hoc|Any CPU.Build.0 = Ad-Hoc|iPhone
		{5831B4DF-0060-4FD3-9ED7-8A02D7D9CF23}.Ad-Hoc|Any CPU.Deploy.0 = Ad-Hoc|iPhone
		{5831B4DF-0060-4FD3-9ED7-8A02D7D9CF23}.Ad-Hoc|iPhone.ActiveCfg = Ad-Hoc|iPhone
		{5831B4DF-0060-4FD3-9ED7-8A02D7D9CF23}.Ad-Hoc|iPhone.Build.0 = Ad-Hoc|iPhone
		{5831B4DF-0060-4FD3-9ED7-8A02D7D9CF23}.Ad-Hoc|iPhone.Deploy.0 = Ad-Hoc|iPhone
		{5831B4DF-0060-4FD3-9ED7-8A02D7D9CF23}.Ad-Hoc|iPhoneSimulator.ActiveCfg = Ad-Hoc|iPhoneSimulator
		{5831B4DF-0060-4FD3-9ED7-8A02D7D9CF23}.Ad-Hoc|iPhoneSimulator.Build.0 = Ad-Hoc|iPhoneSimulator
		{5831B4DF-0060-4FD3-9ED7-8A02D7D9CF23}.Ad-Hoc|iPhoneSimulator.Deploy.0 = Ad-Hoc|iPhoneSimulator
		{5831B4DF-0060-4FD3-9ED7-8A02D7D9CF23}.AppStore|Any CPU.ActiveCfg = AppStore|iPhone
		{5831B4DF-0060-4FD3-9ED7-8A02D7D9CF23}.AppStore|Any CPU.Build.0 = AppStore|iPhone
		{5831B4DF-0060-4FD3-9ED7-8A02D7D9CF23}.AppStore|Any CPU.Deploy.0 = AppStore|iPhone
		{5831B4DF-0060-4FD3-9ED7-8A02D7D9CF23}.AppStore|iPhone.ActiveCfg = AppStore|iPhone
		{5831B4DF-0060-4FD3-9ED7-8A02D7D9CF23}.AppStore|iPhone.Build.0 = AppStore|iPhone
		{5831B4DF-0060-4FD3-9ED7-8A02D7D9CF23}.AppStore|iPhone.Deploy.0 = AppStore|iPhone
		{5831B4DF-0060-4FD3-9ED7-8A02D7D9CF23}.AppStore|iPhoneSimulator.ActiveCfg = AppStore|iPhoneSimulator
		{5831B4DF-0060-4FD3-9ED7-8A02D7D9CF23}.AppStore|iPhoneSimulator.Build.0 = AppStore|iPhoneSimulator
		{5831B4DF-0060-4FD3-9ED7-8A02D7D9CF23}.AppStore|iPhoneSimulator.Deploy.0 = AppStore|iPhoneSimulator
		{5831B4DF-0060-4FD3-9ED7-8A02D7D9CF23}.Debug|Any CPU.ActiveCfg = Debug|iPhoneSimulator
		{5831B4DF-0060-4FD3-9ED7-8A02D7D9CF23}.Debug|Any CPU.Build.0 = Debug|iPhoneSimulator
		{5831B4DF-0060-4FD3-9ED7-8A02D7D9CF23}.Debug|Any CPU.Deploy.0 = Debug|iPhoneSimulator
		{5831B4DF-0060-4FD3-9ED7-8A02D7D9CF23}.Debug|iPhone.ActiveCfg = Debug|iPhone
		{5831B4DF-0060-4FD3-9ED7-8A02D7D9CF23}.Debug|iPhone.Build.0 = Debug|iPhone
		{5831B4DF-0060-4FD3-9ED7-8A02D7D9CF23}.Debug|iPhone.Deploy.0 = Debug|iPhone
		{5831B4DF-0060-4FD3-9ED7-8A02D7D9CF23}.Debug|iPhoneSimulator.ActiveCfg = Debug|iPhoneSimulator
		{5831B4DF-0060-4FD3-9ED7-8A02D7D9CF23}.Debug|iPhoneSimulator.Build.0 = Debug|iPhoneSimulator
		{5831B4DF-0060-4FD3-9ED7-8A02D7D9CF23}.Debug|iPhoneSimulator.Deploy.0 = Debug|iPhoneSimulator
		{5831B4DF-0060-4FD3-9ED7-8A02D7D9CF23}.Release|Any CPU.ActiveCfg = Release|iPhone
		{5831B4DF-0060-4FD3-9ED7-8A02D7D9CF23}.Release|Any CPU.Build.0 = Release|iPhone
		{5831B4DF-0060-4FD3-9ED7-8A02D7D9CF23}.Release|Any CPU.Deploy.0 = Release|iPhone
		{5831B4DF-0060-4FD3-9ED7-8A02D7D9CF23}.Release|iPhone.ActiveCfg = Release|iPhone
		{5831B4DF-0060-4FD3-9ED7-8A02D7D9CF23}.Release|iPhone.Build.0 = Release|iPhone
		{5831B4DF-0060-4FD3-9ED7-8A02D7D9CF23}.Release|iPhone.Deploy.0 = Release|iPhone
		{5831B4DF-0060-4FD3-9ED7-8A02D7D9CF23}.Release|iPhoneSimulator.ActiveCfg = Release|iPhoneSimulator
		{5831B4DF-0060-4FD3-9ED7-8A02D7D9CF23}.Release|iPhoneSimulator.Build.0 = Release|iPhoneSimulator
		{5831B4DF-0060-4FD3-9ED7-8A02D7D9CF23}.Release|iPhoneSimulator.Deploy.0 = Release|iPhoneSimulator
		{AE4C2B99-547A-4818-9F0D-F5D1FE64625F}.Ad-Hoc|Any CPU.ActiveCfg = Debug|Any CPU
		{AE4C2B99-547A-4818-9F0D-F5D1FE64625F}.Ad-Hoc|Any CPU.Build.0 = Debug|Any CPU
		{AE4C2B99-547A-4818-9F0D-F5D1FE64625F}.Ad-Hoc|Any CPU.Deploy.0 = Debug|Any CPU
		{AE4C2B99-547A-4818-9F0D-F5D1FE64625F}.Ad-Hoc|iPhone.ActiveCfg = Debug|Any CPU
		{AE4C2B99-547A-4818-9F0D-F5D1FE64625F}.Ad-Hoc|iPhone.Build.0 = Debug|Any CPU
		{AE4C2B99-547A-4818-9F0D-F5D1FE64625F}.Ad-Hoc|iPhone.Deploy.0 = Debug|Any CPU
		{AE4C2B99-547A-4818-9F0D-F5D1FE64625F}.Ad-Hoc|iPhoneSimulator.ActiveCfg = Debug|Any CPU
		{AE4C2B99-547A-4818-9F0D-F5D1FE64625F}.Ad-Hoc|iPhoneSimulator.Build.0 = Debug|Any CPU
		{AE4C2B99-547A-4818-9F0D-F5D1FE64625F}.Ad-Hoc|iPhoneSimulator.Deploy.0 = Debug|Any CPU
		{AE4C2B99-547A-4818-9F0D-F5D1FE64625F}.AppStore|Any CPU.ActiveCfg = Debug|Any CPU
		{AE4C2B99-547A-4818-9F0D-F5D1FE64625F}.AppStore|Any CPU.Build.0 = Debug|Any CPU
		{AE4C2B99-547A-4818-9F0D-F5D1FE64625F}.AppStore|Any CPU.Deploy.0 = Debug|Any CPU
		{AE4C2B99-547A-4818-9F0D-F5D1FE64625F}.AppStore|iPhone.ActiveCfg = Debug|Any CPU
		{AE4C2B99-547A-4818-9F0D-F5D1FE64625F}.AppStore|iPhone.Build.0 = Debug|Any CPU
		{AE4C2B99-547A-4818-9F0D-F5D1FE64625F}.AppStore|iPhone.Deploy.0 = Debug|Any CPU
		{AE4C2B99-547A-4818-9F0D-F5D1FE64625F}.AppStore|iPhoneSimulator.ActiveCfg = Debug|Any CPU
		{AE4C2B99-547A-4818-9F0D-F5D1FE64625F}.AppStore|iPhoneSimulator.Build.0 = Debug|Any CPU
		{AE4C2B99-547A-4818-9F0D-F5D1FE64625F}.AppStore|iPhoneSimulator.Deploy.0 = Debug|Any CPU
		{AE4C2B99-547A-4818-9F0D-F5D1FE64625F}.Debug|Any CPU.ActiveCfg = Debug|Any CPU
		{AE4C2B99-547A-4818-9F0D-F5D1FE64625F}.Debug|Any CPU.Build.0 = Debug|Any CPU
		{AE4C2B99-547A-4818-9F0D-F5D1FE64625F}.Debug|Any CPU.Deploy.0 = Debug|Any CPU
		{AE4C2B99-547A-4818-9F0D-F5D1FE64625F}.Debug|iPhone.ActiveCfg = Debug|Any CPU
		{AE4C2B99-547A-4818-9F0D-F5D1FE64625F}.Debug|iPhone.Build.0 = Debug|Any CPU
		{AE4C2B99-547A-4818-9F0D-F5D1FE64625F}.Debug|iPhone.Deploy.0 = Debug|Any CPU
		{AE4C2B99-547A-4818-9F0D-F5D1FE64625F}.Debug|iPhoneSimulator.ActiveCfg = Debug|Any CPU
		{AE4C2B99-547A-4818-9F0D-F5D1FE64625F}.Debug|iPhoneSimulator.Build.0 = Debug|Any CPU
		{AE4C2B99-547A-4818-9F0D-F5D1FE64625F}.Debug|iPhoneSimulator.Deploy.0 = Debug|Any CPU
		{AE4C2B99-547A-4818-9F0D-F5D1FE64625F}.Release|Any CPU.ActiveCfg = Release|Any CPU
		{AE4C2B99-547A-4818-9F0D-F5D1FE64625F}.Release|Any CPU.Build.0 = Release|Any CPU
		{AE4C2B99-547A-4818-9F0D-F5D1FE64625F}.Release|Any CPU.Deploy.0 = Release|Any CPU
		{AE4C2B99-547A-4818-9F0D-F5D1FE64625F}.Release|iPhone.ActiveCfg = Release|Any CPU
		{AE4C2B99-547A-4818-9F0D-F5D1FE64625F}.Release|iPhone.Build.0 = Release|Any CPU
		{AE4C2B99-547A-4818-9F0D-F5D1FE64625F}.Release|iPhone.Deploy.0 = Release|Any CPU
		{AE4C2B99-547A-4818-9F0D-F5D1FE64625F}.Release|iPhoneSimulator.ActiveCfg = Release|Any CPU
		{AE4C2B99-547A-4818-9F0D-F5D1FE64625F}.Release|iPhoneSimulator.Build.0 = Release|Any CPU
		{AE4C2B99-547A-4818-9F0D-F5D1FE64625F}.Release|iPhoneSimulator.Deploy.0 = Release|Any CPU
	EndGlobalSection
	GlobalSection(SolutionProperties) = preSolution
		HideSolutionNode = FALSE
	EndGlobalSection
	GlobalSection(ExtensibilityGlobals) = postSolution
		SolutionGuid = {FB068D7F-B792-4DD6-A3B9-E7952A0E8356}
	EndGlobalSection
EndGlobal
